{
  "name": "edi_pretty_print",
  "version": "1.0.0",
  "lockfileVersion": 2,
  "requires": true,
  "packages": {
    "": {
      "version": "1.0.0",
      "license": "ISC",
      "bin": {
        "edi_pretty_print": "index.js",
        "edi_pretty_print_install_win": "install_win_context_menu.js",
        "edi_pretty_print_uninstall_win": "uninstall_win_context_menu.js"
      }
    }
  }
}
